
Microsoft Visual Studio Solution File, Format Version 12.00
# Visual Studio Version 17
VisualStudioVersion = 17.11.35222.181
MinimumVisualStudioVersion = 10.0.40219.1
Project("{FAE04EC0-301F-11D3-BF4B-00C04F79EFBC}") = "BusinessObjects", "BusinessObjects\BusinessObjects.csproj", "{09041337-61EB-4BEA-93C3-C295BDC0EBAA}"
EndProject
Project("{FAE04EC0-301F-11D3-BF4B-00C04F79EFBC}") = "DataAccessLayer", "DataAccessLayer\DataAccessLayer.csproj", "{D37226CE-6EFF-44D9-8E05-068E0673C7FD}"
EndProject
Project("{FAE04EC0-301F-11D3-BF4B-00C04F79EFBC}") = "Repositories", "Repositories\Repositories.csproj", "{D7726A18-D53C-4AE6-A880-8B1347AC8C7E}"
EndProject
Project("{FAE04EC0-301F-11D3-BF4B-00C04F79EFBC}") = "Services", "Services\Services.csproj", "{9B0A0170-BFF1-4CB6-9CE3-870D05C35D2D}"
EndProject
Project("{FAE04EC0-301F-11D3-BF4B-00C04F79EFBC}") = "WPFApp", "WPFApp\WPFApp.csproj", "{E7AEE0AD-0729-4A37-B115-D185E0220502}"
EndProject
Global
	GlobalSection(SolutionConfigurationPlatforms) = preSolution
		Debug|Any CPU = Debug|Any CPU
		Release|Any CPU = Release|Any CPU
	EndGlobalSection
	GlobalSection(ProjectConfigurationPlatforms) = postSolution
		{09041337-61EB-4BEA-93C3-C295BDC0EBAA}.Debug|Any CPU.ActiveCfg = Debug|Any CPU
		{09041337-61EB-4BEA-93C3-C295BDC0EBAA}.Debug|Any CPU.Build.0 = Debug|Any CPU
		{09041337-61EB-4BEA-93C3-C295BDC0EBAA}.Release|Any CPU.ActiveCfg = Release|Any CPU
		{09041337-61EB-4BEA-93C3-C295BDC0EBAA}.Release|Any CPU.Build.0 = Release|Any CPU
		{D37226CE-6EFF-44D9-8E05-068E0673C7FD}.Debug|Any CPU.ActiveCfg = Debug|Any CPU
		{D37226CE-6EFF-44D9-8E05-068E0673C7FD}.Debug|Any CPU.Build.0 = Debug|Any CPU
		{D37226CE-6EFF-44D9-8E05-068E0673C7FD}.Release|Any CPU.ActiveCfg = Release|Any CPU
		{D37226CE-6EFF-44D9-8E05-068E0673C7FD}.Release|Any CPU.Build.0 = Release|Any CPU
		{D7726A18-D53C-4AE6-A880-8B1347AC8C7E}.Debug|Any CPU.ActiveCfg = Debug|Any CPU
		{D7726A18-D53C-4AE6-A880-8B1347AC8C7E}.Debug|Any CPU.Build.0 = Debug|Any CPU
		{D7726A18-D53C-4AE6-A880-8B1347AC8C7E}.Release|Any CPU.ActiveCfg = Release|Any CPU
		{D7726A18-D53C-4AE6-A880-8B1347AC8C7E}.Release|Any CPU.Build.0 = Release|Any CPU
		{9B0A0170-BFF1-4CB6-9CE3-870D05C35D2D}.Debug|Any CPU.ActiveCfg = Debug|Any CPU
		{9B0A0170-BFF1-4CB6-9CE3-870D05C35D2D}.Debug|Any CPU.Build.0 = Debug|Any CPU
		{9B0A0170-BFF1-4CB6-9CE3-870D05C35D2D}.Release|Any CPU.ActiveCfg = Release|Any CPU
		{9B0A0170-BFF1-4CB6-9CE3-870D05C35D2D}.Release|Any CPU.Build.0 = Release|Any CPU
		{E7AEE0AD-0729-4A37-B115-D185E0220502}.Debug|Any CPU.ActiveCfg = Debug|Any CPU
		{E7AEE0AD-0729-4A37-B115-D185E0220502}.Debug|Any CPU.Build.0 = Debug|Any CPU
		{E7AEE0AD-0729-4A37-B115-D185E0220502}.Release|Any CPU.ActiveCfg = Release|Any CPU
		{E7AEE0AD-0729-4A37-B115-D185E0220502}.Release|Any CPU.Build.0 = Release|Any CPU
	EndGlobalSection
	GlobalSection(SolutionProperties) = preSolution
		HideSolutionNode = FALSE
	EndGlobalSection
	GlobalSection(ExtensibilityGlobals) = postSolution
		SolutionGuid = {A134A6A7-9265-4A77-A8D0-255C2C652D17}
	EndGlobalSection
EndGlobal
